
Microsoft Visual Studio Solution File, Format Version 12.00
# Visual Studio Version 17
VisualStudioVersion = 17.10.35004.147
MinimumVisualStudioVersion = 10.0.40219.1
Project("{FAE04EC0-301F-11D3-BF4B-00C04F79EFBC}") = "practical1", "practical1\practical1.csproj", "{2F0C4B8E-14DC-4490-88CF-13267130AF13}"
EndProject
Global
	GlobalSection(SolutionConfigurationPlatforms) = preSolution
		Debug|Any CPU = Debug|Any CPU
		Release|Any CPU = Release|Any CPU
	EndGlobalSection
	GlobalSection(ProjectConfigurationPlatforms) = postSolution
		{2F0C4B8E-14DC-4490-88CF-13267130AF13}.Debug|Any CPU.ActiveCfg = Debug|Any CPU
		{2F0C4B8E-14DC-4490-88CF-13267130AF13}.Debug|Any CPU.Build.0 = Debug|Any CPU
		{2F0C4B8E-14DC-4490-88CF-13267130AF13}.Release|Any CPU.ActiveCfg = Release|Any CPU
		{2F0C4B8E-14DC-4490-88CF-13267130AF13}.Release|Any CPU.Build.0 = Release|Any CPU
	EndGlobalSection
	GlobalSection(SolutionProperties) = preSolution
		HideSolutionNode = FALSE
	EndGlobalSection
	GlobalSection(ExtensibilityGlobals) = postSolution
		SolutionGuid = {A921B335-1310-4C3F-BFBC-CD7D63CBBCAC}
	EndGlobalSection
EndGlobal
